{
  "name": "@stromex/design-system",
  "version": "1.0.0",
  "lockfileVersion": 3,
  "requires": true,
  "packages": {
    "": {
      "name": "@stromex/design-system",
      "version": "1.0.0",
      "dependencies": {
        "@fontsource-variable/archivo": "^5.3.0",
        "@fontsource-variable/cinzel": "^5.3.0",
        "@fontsource-variable/fraunces": "^5.3.0"
      },
      "engines": {
        "node": ">=22"
      }
    },
    "node_modules/@fontsource-variable/archivo": {
      "version": "5.3.0",
      "resolved": "https://registry.npmjs.org/@fontsource-variable/archivo/-/archivo-5.3.0.tgz",
      "integrity": "sha512-HogK8FJelrD1o7TlZlkIVtHgc20bO5PZRWE7mUeUTdMN055alznQV6/00J00IBeu8FQAH4s3zW9UJNvKExXf+g==",
      "license": "OFL-1.1",
      "funding": {
        "url": "https://github.com/sponsors/ayuhito"
      }
    },
    "node_modules/@fontsource-variable/cinzel": {
      "version": "5.3.0",
      "resolved": "https://registry.npmjs.org/@fontsource-variable/cinzel/-/cinzel-5.3.0.tgz",
      "integrity": "sha512-eFcU0TwaAP5QESF2pV8VoOPJJXJ6sSGm/6mXMwqTdMBPAJMaLhfa6oISHuOtFeddsoHP9RYm4Io0j1j3mNEz2Q==",
      "license": "OFL-1.1",
      "funding": {
        "url": "https://github.com/sponsors/ayuhito"
      }
    },
    "node_modules/@fontsource-variable/fraunces": {
      "version": "5.3.0",
      "resolved": "https://registry.npmjs.org/@fontsource-variable/fraunces/-/fraunces-5.3.0.tgz",
      "integrity": "sha512-9BYGySn4AHEJdgp9Z28tQ3X+laJMEOITXkQarZXeloWQZDq5oOvXJ3kDA8c7MGIfpogIaZfjrQBqmda8POOCKA==",
      "license": "OFL-1.1",
      "funding": {
        "url": "https://github.com/sponsors/ayuhito"
      }
    }
  }
}
